{
  "pins" : [
    {
      "identity" : "swift-argument-parser",
      "kind" : "remoteSourceControl",
      "location" : "https://github.com/apple/swift-argument-parser",
      "state" : {
        "revision" : "957954da20c49873cde3ea56352448a2ec63fdaa",
        "version" : "1.7.2"
      }
    },
    {
      "identity" : "swiftterm",
      "kind" : "remoteSourceControl",
      "location" : "https://github.com/migueldeicaza/SwiftTerm",
      "state" : {
        "revision" : "849e8a4f3d6f79ddee07152400137f1370c32621",
        "version" : "1.14.0"
      }
    }
  ],
  "version" : 2
}
